<?xml version="1.0" encoding="utf-8"?>
<Project ToolsVersion="4.0" xmlns="http://schemas.microsoft.com/developer/msbuild/2003">
  <ItemGroup>
    <Filter Include="Файлы исходного кода">
      <UniqueIdentifier>{4FC737F1-C7A5-4376-A066-2A32D752A2FF}</UniqueIdentifier>
      <Extensions>cpp;c;cc;cxx;def;odl;idl;hpj;bat;asm;asmx</Extensions>
    </Filter>
    <Filter Include="Заголовочные файлы">
      <UniqueIdentifier>{93995380-89BD-4b04-88EB-625FBE52EBFB}</UniqueIdentifier>
      <Extensions>h;hpp;hxx;hm;inl;inc;xsd</Extensions>
    </Filter>
    <Filter Include="Файлы ресурсов">
      <UniqueIdentifier>{67DA6AB6-F800-4c08-8B7A-83BB121AAD01}</UniqueIdentifier>
      <Extensions>rc;ico;cur;bmp;dlg;rc2;rct;bin;rgs;gif;jpg;jpeg;jpe;resx;tiff;tif;png;wav;mfcribbon-ms</Extensions>
    </Filter>
    <Filter Include="Заголовочные файлы\external">
      <UniqueIdentifier>{bc54de26-d324-4652-979f-71c6006ebd0d}</UniqueIdentifier>
    </Filter>
    <Filter Include="Заголовочные файлы\external\cajun">
      <UniqueIdentifier>{3033511c-dbf0-4389-b2ad-9d22d8670192}</UniqueIdentifier>
    </Filter>
    <Filter Include="Заголовочные файлы\external\smallsha1">
      <UniqueIdentifier>{70b43957-8999-4633-8ff1-d46b5f789f71}</UniqueIdentifier>
    </Filter>
    <Filter Include="Заголовочные файлы\mapcontent3d">
      <UniqueIdentifier>{5e4f39b8-f7e9-4516-bb96-b8c26a3cdab5}</UniqueIdentifier>
    </Filter>
  </ItemGroup>
  <ItemGroup>
    <ClInclude Include="external\smallsha1\sha1.h">
      <Filter>Заголовочные файлы\external\smallsha1</Filter>
    </ClInclude>
    <ClInclude Include="astar2d.h">
      <Filter>Заголовочные файлы</Filter>
    </ClInclude>
    <ClInclude Include="configure.h">
      <Filter>Заголовочные файлы</Filter>
    </ClInclude>
    <ClInclude Include="include\AStar2D.h">
      <Filter>Заголовочные файлы</Filter>
    </ClInclude>
  </ItemGroup>
  <ItemGroup>
    <None Include="external\smallsha1\sha1.inl">
      <Filter>Заголовочные файлы\external\smallsha1</Filter>
    </None>
    <None Include="include\AStar2D.inl">
      <Filter>Заголовочные файлы</Filter>
    </None>
  </ItemGroup>
</Project>